{
  "name": "nodejs",
  "version": "1.0.0",
  "lockfileVersion": 2,
  "requires": true,
  "packages": {
    "": {
      "name": "nodejs",
      "version": "1.0.0",
      "license": "ISC",
      "dependencies": {
        "@types/node": "^18.0.6",
        "ask-gemini": "^6.0.0"
      }
    },
    "node_modules/@google/generative-ai": {
      "version": "0.11.5",
      "resolved": "https://registry.npmjs.org/@google/generative-ai/-/generative-ai-0.11.5.tgz",
      "integrity": "sha512-DviMgrnljEKh6qkDT2pVFW+NEuVhggqBUoEnyy2PNL7l4ewxXRJubk3PctC9yPl1AdRIlhqP7E076QQt+IWuTg==",
      "engines": {
        "node": ">=18.0.0"
      }
    },
    "node_modules/@types/node": {
      "version": "18.0.6",
      "resolved": "https://registry.npmjs.org/@types/node/-/node-18.0.6.tgz",
      "integrity": "sha512-/xUq6H2aQm261exT6iZTMifUySEt4GR5KX8eYyY+C4MSNPqSh9oNIP7tz2GLKTlFaiBbgZNxffoR3CVRG+cljw=="
    },
    "node_modules/ask-gemini": {
      "version": "6.0.0",
      "resolved": "https://registry.npmjs.org/ask-gemini/-/ask-gemini-6.0.0.tgz",
      "integrity": "sha512-SVZ8/RC+RdqKBNWnx5U3/dZpPJ7AXkN3G32tS7WR5bUJ5P0qyLEaixBdYOaC4xTRhTQKPgteDkTkQhrehvOWDg==",
      "dependencies": {
        "@google/generative-ai": "^0.11.3",
        "@types/node": "^18.0.6"
      }
    }
  },
  "dependencies": {
    "@google/generative-ai": {
      "version": "0.11.5",
      "resolved": "https://registry.npmjs.org/@google/generative-ai/-/generative-ai-0.11.5.tgz",
      "integrity": "sha512-DviMgrnljEKh6qkDT2pVFW+NEuVhggqBUoEnyy2PNL7l4ewxXRJubk3PctC9yPl1AdRIlhqP7E076QQt+IWuTg=="
    },
    "@types/node": {
      "version": "18.0.6",
      "resolved": "https://registry.npmjs.org/@types/node/-/node-18.0.6.tgz",
      "integrity": "sha512-/xUq6H2aQm261exT6iZTMifUySEt4GR5KX8eYyY+C4MSNPqSh9oNIP7tz2GLKTlFaiBbgZNxffoR3CVRG+cljw=="
    },
    "ask-gemini": {
      "version": "6.0.0",
      "resolved": "https://registry.npmjs.org/ask-gemini/-/ask-gemini-6.0.0.tgz",
      "integrity": "sha512-SVZ8/RC+RdqKBNWnx5U3/dZpPJ7AXkN3G32tS7WR5bUJ5P0qyLEaixBdYOaC4xTRhTQKPgteDkTkQhrehvOWDg==",
      "requires": {
        "@google/generative-ai": "^0.11.3",
        "@types/node": "^18.0.6"
      }
    }
  }
}
